DEPENDENCIES
  chef_breaking_machine
    path: .
    metadata: true

GRAPH
  build-essential (8.0.0)
    mingw (>= 1.1)
    seven_zip (>= 0.0.0)
  chef_breaking_machine (0.1.0)
    git (>= 0.0.0)
    nvm (>= 0.0.0)
  compat_resource (12.16.3)
  dmg (3.1.0)
  git (6.0.0)
    build-essential (>= 0.0.0)
    dmg (>= 0.0.0)
    yum-epel (>= 0.0.0)
  mingw (2.0.0)
    seven_zip (>= 0.0.0)
  nvm (0.1.7)
    build-essential (>= 0.0.0)
    git (>= 0.0.0)
  ohai (5.0.3)
  seven_zip (2.0.2)
    windows (>= 1.2.2)
  windows (3.0.4)
    ohai (>= 4.0.0)
  yum-epel (2.1.1)
    compat_resource (>= 12.16.3)
